// !$*UTF8*$!
{
	archiveVersion = 1;
	classes = {
	};
	objectVersion = 50;
	objects = {

/* Begin PBXBuildFile section */
		0526B169270C9BED00D9CDDA /* AppDelegate.swift in Sources */ = {isa = PBXBuildFile; fileRef = 0526B168270C9BED00D9CDDA /* AppDelegate.swift */; };
		0526B16B270C9BED00D9CDDA /* SceneDelegate.swift in Sources */ = {isa = PBXBuildFile; fileRef = 0526B16A270C9BED00D9CDDA /* SceneDelegate.swift */; };
		0526B16D270C9BED00D9CDDA /* ViewController.swift in Sources */ = {isa = PBXBuildFile; fileRef = 0526B16C270C9BED00D9CDDA /* ViewController.swift */; };
		0526B170270C9BED00D9CDDA /* Main.storyboard in Resources */ = {isa = PBXBuildFile; fileRef = 0526B16E270C9BED00D9CDDA /* Main.storyboard */; };
		0526B172270C9BFD00D9CDDA /* Assets.xcassets in Resources */ = {isa = PBXBuildFile; fileRef = 0526B171270C9BFD00D9CDDA /* Assets.xcassets */; };
		0526B175270C9BFD00D9CDDA /* LaunchScreen.storyboard in Resources */ = {isa = PBXBuildFile; fileRef = 0526B173270C9BFD00D9CDDA /* LaunchScreen.storyboard */; };
		0526B180270C9BFE00D9CDDA /* NearByTests.swift in Sources */ = {isa = PBXBuildFile; fileRef = 0526B17F270C9BFE00D9CDDA /* NearByTests.swift */; };
		0526B18B270C9BFE00D9CDDA /* NearByUITests.swift in Sources */ = {isa = PBXBuildFile; fileRef = 0526B18A270C9BFE00D9CDDA /* NearByUITests.swift */; };
/* End PBXBuildFile section */

/* Begin PBXContainerItemProxy section */
		0526B17C270C9BFE00D9CDDA /* PBXContainerItemProxy */ = {
			isa = PBXContainerItemProxy;
			containerPortal = 0526B15D270C9BED00D9CDDA /* Project object */;
			proxyType = 1;
			remoteGlobalIDString = 0526B164270C9BED00D9CDDA;
			remoteInfo = NearBy;
		};
		0526B187270C9BFE00D9CDDA /* PBXContainerItemProxy */ = {
			isa = PBXContainerItemProxy;
			containerPortal = 0526B15D270C9BED00D9CDDA /* Project object */;
			proxyType = 1;
			remoteGlobalIDString = 0526B164270C9BED00D9CDDA;
			remoteInfo = NearBy;
		};
/* End PBXContainerItemProxy section */

/* Begin PBXFileReference section */
		0526B165270C9BED00D9CDDA /* NearBy.app */ = {isa = PBXFileReference; explicitFileType = wrapper.application; includeInIndex = 0; path = NearBy.app; sourceTree = BUILT_PRODUCTS_DIR; };
		0526B168270C9BED00D9CDDA /* AppDelegate.swift */ = {isa = PBXFileReference; lastKnownFileType = sourcecode.swift; path = AppDelegate.swift; sourceTree = "<group>"; };
		0526B16A270C9BED00D9CDDA /* SceneDelegate.swift */ = {isa = PBXFileReference; lastKnownFileType = sourcecode.swift; path = SceneDelegate.swift; sourceTree = "<group>"; };
		0526B16C270C9BED00D9CDDA /* ViewController.swift */ = {isa = PBXFileReference; lastKnownFileType = sourcecode.swift; path = ViewController.swift; sourceTree = "<group>"; };
		0526B16F270C9BED00D9CDDA /* Base */ = {isa = PBXFileReference; lastKnownFileType = file.storyboard; name = Base; path = Base.lproj/Main.storyboard; sourceTree = "<group>"; };
		0526B171270C9BFD00D9CDDA /* Assets.xcassets */ = {isa = PBXFileReference; lastKnownFileType = folder.assetcatalog; path = Assets.xcassets; sourceTree = "<group>"; };
		0526B174270C9BFD00D9CDDA /* Base */ = {isa = PBXFileReference; lastKnownFileType = file.storyboard; name = Base; path = Base.lproj/LaunchScreen.storyboard; sourceTree = "<group>"; };
		0526B176270C9BFD00D9CDDA /* Info.plist */ = {isa = PBXFileReference; lastKnownFileType = text.plist.xml; path = Info.plist; sourceTree = "<group>"; };
		0526B17B270C9BFE00D9CDDA /* NearByTests.xctest */ = {isa = PBXFileReference; explicitFileType = wrapper.cfbundle; includeInIndex = 0; path = NearByTests.xctest; sourceTree = BUILT_PRODUCTS_DIR; };
		0526B17F270C9BFE00D9CDDA /* NearByTests.swift */ = {isa = PBXFileReference; lastKnownFileType = sourcecode.swift; path = NearByTests.swift; sourceTree = "<group>"; };
		0526B181270C9BFE00D9CDDA /* Info.plist */ = {isa = PBXFileReference; lastKnownFileType = text.plist.xml; path = Info.plist; sourceTree = "<group>"; };
		0526B186270C9BFE00D9CDDA /* NearByUITests.xctest */ = {isa = PBXFileReference; explicitFileType = wrapper.cfbundle; includeInIndex = 0; path = NearByUITests.xctest; sourceTree = BUILT_PRODUCTS_DIR; };
		0526B18A270C9BFE00D9CDDA /* NearByUITests.swift */ = {isa = PBXFileReference; lastKnownFileType = sourcecode.swift; path = NearByUITests.swift; sourceTree = "<group>"; };
		0526B18C270C9BFE00D9CDDA /* Info.plist */ = {isa = PBXFileReference; lastKnownFileType = text.plist.xml; path = Info.plist; sourceTree = "<group>"; };
/* End PBXFileReference section */

/* Begin PBXFrameworksBuildPhase section */
		0526B162270C9BED00D9CDDA /* Frameworks */ = {
			isa = PBXFrameworksBuildPhase;
			buildActionMask = 2147483647;
			files = (
			);
			runOnlyForDeploymentPostprocessing = 0;
		};
		0526B178270C9BFE00D9CDDA /* Frameworks */ = {
			isa = PBXFrameworksBuildPhase;
			buildActionMask = 2147483647;
			files = (
			);
			runOnlyForDeploymentPostprocessing = 0;
		};
		0526B183270C9BFE00D9CDDA /* Frameworks */ = {
			isa = PBXFrameworksBuildPhase;
			buildActionMask = 2147483647;
			files = (
			);
			runOnlyForDeploymentPostprocessing = 0;
		};
/* End PBXFrameworksBuildPhase section */

/* Begin PBXGroup section */
		0526B15C270C9BED00D9CDDA = {
			isa = PBXGroup;
			children = (
				0526B167270C9BED00D9CDDA /* NearBy */,
				0526B17E270C9BFE00D9CDDA /* NearByTests */,
				0526B189270C9BFE00D9CDDA /* NearByUITests */,
				0526B166270C9BED00D9CDDA /* Products */,
			);
			sourceTree = "<group>";
		};
		0526B166270C9BED00D9CDDA /* Products */ = {
			isa = PBXGroup;
			children = (
				0526B165270C9BED00D9CDDA /* NearBy.app */,
				0526B17B270C9BFE00D9CDDA /* NearByTests.xctest */,
				0526B186270C9BFE00D9CDDA /* NearByUITests.xctest */,
			);
			name = Products;
			sourceTree = "<group>";
		};
		0526B167270C9BED00D9CDDA /* NearBy */ = {
			isa = PBXGroup;
			children = (
				0526B168270C9BED00D9CDDA /* AppDelegate.swift */,
				0526B16A270C9BED00D9CDDA /* SceneDelegate.swift */,
				0526B16C270C9BED00D9CDDA /* ViewController.swift */,
				0526B16E270C9BED00D9CDDA /* Main.storyboard */,
				0526B171270C9BFD00D9CDDA /* Assets.xcassets */,
				0526B173270C9BFD00D9CDDA /* LaunchScreen.storyboard */,
				0526B176270C9BFD00D9CDDA /* Info.plist */,
			);
			path = NearBy;
			sourceTree = "<group>";
		};
		0526B17E270C9BFE00D9CDDA /* NearByTests */ = {
			isa = PBXGroup;
			children = (
				0526B17F270C9BFE00D9CDDA /* NearByTests.swift */,
				0526B181270C9BFE00D9CDDA /* Info.plist */,
			);
			path = NearByTests;
			sourceTree = "<group>";
		};
		0526B189270C9BFE00D9CDDA /* NearByUITests */ = {
			isa = PBXGroup;
			children = (
				0526B18A270C9BFE00D9CDDA /* NearByUITests.swift */,
				0526B18C270C9BFE00D9CDDA /* Info.plist */,
			);
			path = NearByUITests;
			sourceTree = "<group>";
		};
/* End PBXGroup section */

/* Begin PBXNativeTarget section */
		0526B164270C9BED00D9CDDA /* NearBy */ = {
			isa = PBXNativeTarget;
			buildConfigurationList = 0526B18F270C9BFE00D9CDDA /* Build configuration list for PBXNativeTarget "NearBy" */;
			buildPhases = (
				0526B161270C9BED00D9CDDA /* Sources */,
				0526B162270C9BED00D9CDDA /* Frameworks */,
				0526B163270C9BED00D9CDDA /* Resources */,
			);
			buildRules = (
			);
			dependencies = (
			);
			name = NearBy;
			productName = NearBy;
			productReference = 0526B165270C9BED00D9CDDA /* NearBy.app */;
			productType = "com.apple.product-type.application";
		};
		0526B17A270C9BFE00D9CDDA /* NearByTests */ = {
			isa = PBXNativeTarget;
			buildConfigurationList = 0526B192270C9BFE00D9CDDA /* Build configuration list for PBXNativeTarget "NearByTests" */;
			buildPhases = (
				0526B177270C9BFE00D9CDDA /* Sources */,
				0526B178270C9BFE00D9CDDA /* Frameworks */,
				0526B179270C9BFE00D9CDDA /* Resources */,
			);
			buildRules = (
			);
			dependencies = (
				0526B17D270C9BFE00D9CDDA /* PBXTargetDependency */,
			);
			name = NearByTests;
			productName = NearByTests;
			productReference = 0526B17B270C9BFE00D9CDDA /* NearByTests.xctest */;
			productType = "com.apple.product-type.bundle.unit-test";
		};
		0526B185270C9BFE00D9CDDA /* NearByUITests */ = {
			isa = PBXNativeTarget;
			buildConfigurationList = 0526B195270C9BFE00D9CDDA /* Build configuration list for PBXNativeTarget "NearByUITests" */;
			buildPhases = (
				0526B182270C9BFE00D9CDDA /* Sources */,
				0526B183270C9BFE00D9CDDA /* Frameworks */,
				0526B184270C9BFE00D9CDDA /* Resources */,
			);
			buildRules = (
			);
			dependencies = (
				0526B188270C9BFE00D9CDDA /* PBXTargetDependency */,
			);
			name = NearByUITests;
			productName = NearByUITests;
			productReference = 0526B186270C9BFE00D9CDDA /* NearByUITests.xctest */;
			productType = "com.apple.product-type.bundle.ui-testing";
		};
/* End PBXNativeTarget section */

/* Begin PBXProject section */
		0526B15D270C9BED00D9CDDA /* Project object */ = {
			isa = PBXProject;
			attributes = {
				LastSwiftUpdateCheck = 1230;
				LastUpgradeCheck = 1230;
				TargetAttributes = {
					0526B164270C9BED00D9CDDA = {
						CreatedOnToolsVersion = 12.3;
					};
					0526B17A270C9BFE00D9CDDA = {
						CreatedOnToolsVersion = 12.3;
						TestTargetID = 0526B164270C9BED00D9CDDA;
					};
					0526B185270C9BFE00D9CDDA = {
						CreatedOnToolsVersion = 12.3;
						TestTargetID = 0526B164270C9BED00D9CDDA;
					};
				};
			};
			buildConfigurationList = 0526B160270C9BED00D9CDDA /* Build configuration list for PBXProject "NearBy" */;
			compatibilityVersion = "Xcode 9.3";
			developmentRegion = en;
			hasScannedForEncodings = 0;
			knownRegions = (
				en,
				Base,
			);
			mainGroup = 0526B15C270C9BED00D9CDDA;
			productRefGroup = 0526B166270C9BED00D9CDDA /* Products */;
			projectDirPath = "";
			projectRoot = "";
			targets = (
				0526B164270C9BED00D9CDDA /* NearBy */,
				0526B17A270C9BFE00D9CDDA /* NearByTests */,
				0526B185270C9BFE00D9CDDA /* NearByUITests */,
			);
		};
/* End PBXProject section */

/* Begin PBXResourcesBuildPhase section */
		0526B163270C9BED00D9CDDA /* Resources */ = {
			isa = PBXResourcesBuildPhase;
			buildActionMask = 2147483647;
			files = (
				0526B175270C9BFD00D9CDDA /* LaunchScreen.storyboard in Resources */,
				0526B172270C9BFD00D9CDDA /* Assets.xcassets in Resources */,
				0526B170270C9BED00D9CDDA /* Main.storyboard in Resources */,
			);
			runOnlyForDeploymentPostprocessing = 0;
		};
		0526B179270C9BFE00D9CDDA /* Resources */ = {
			isa = PBXResourcesBuildPhase;
			buildActionMask = 2147483647;
			files = (
			);
			runOnlyForDeploymentPostprocessing = 0;
		};
		0526B184270C9BFE00D9CDDA /* Resources */ = {
			isa = PBXResourcesBuildPhase;
			buildActionMask = 2147483647;
			files = (
			);
			runOnlyForDeploymentPostprocessing = 0;
		};
/* End PBXResourcesBuildPhase section */

/* Begin PBXSourcesBuildPhase section */
		0526B161270C9BED00D9CDDA /* Sources */ = {
			isa = PBXSourcesBuildPhase;
			buildActionMask = 2147483647;
			files = (
				0526B16D270C9BED00D9CDDA /* ViewController.swift in Sources */,
				0526B169270C9BED00D9CDDA /* AppDelegate.swift in Sources */,
				0526B16B270C9BED00D9CDDA /* SceneDelegate.swift in Sources */,
			);
			runOnlyForDeploymentPostprocessing = 0;
		};
		0526B177270C9BFE00D9CDDA /* Sources */ = {
			isa = PBXSourcesBuildPhase;
			buildActionMask = 2147483647;
			files = (
				0526B180270C9BFE00D9CDDA /* NearByTests.swift in Sources */,
			);
			runOnlyForDeploymentPostprocessing = 0;
		};
		0526B182270C9BFE00D9CDDA /* Sources */ = {
			isa = PBXSourcesBuildPhase;
			buildActionMask = 2147483647;
			files = (
				0526B18B270C9BFE00D9CDDA /* NearByUITests.swift in Sources */,
			);
			runOnlyForDeploymentPostprocessing = 0;
		};
/* End PBXSourcesBuildPhase section */

/* Begin PBXTargetDependency section */
		0526B17D270C9BFE00D9CDDA /* PBXTargetDependency */ = {
			isa = PBXTargetDependency;
			target = 0526B164270C9BED00D9CDDA /* NearBy */;
			targetProxy = 0526B17C270C9BFE00D9CDDA /* PBXContainerItemProxy */;
		};
		0526B188270C9BFE00D9CDDA /* PBXTargetDependency */ = {
			isa = PBXTargetDependency;
			target = 0526B164270C9BED00D9CDDA /* NearBy */;
			targetProxy = 0526B187270C9BFE00D9CDDA /* PBXContainerItemProxy */;
		};
/* End PBXTargetDependency section */

/* Begin PBXVariantGroup section */
		0526B16E270C9BED00D9CDDA /* Main.storyboard */ = {
			isa = PBXVariantGroup;
			children = (
				0526B16F270C9BED00D9CDDA /* Base */,
			);
			name = Main.storyboard;
			sourceTree = "<group>";
		};
		0526B173270C9BFD00D9CDDA /* LaunchScreen.storyboard */ = {
			isa = PBXVariantGroup;
			children = (
				0526B174270C9BFD00D9CDDA /* Base */,
			);
			name = LaunchScreen.storyboard;
			sourceTree = "<group>";
		};
/* End PBXVariantGroup section */

/* Begin XCBuildConfiguration section */
		0526B18D270C9BFE00D9CDDA /* Debug */ = {
			isa = XCBuildConfiguration;
			buildSettings = {
				ALWAYS_SEARCH_USER_PATHS = NO;
				CLANG_ANALYZER_NONNULL = YES;
				CLANG_ANALYZER_NUMBER_OBJECT_CONVERSION = YES_AGGRESSIVE;
				CLANG_CXX_LANGUAGE_STANDARD = "gnu++14";
				CLANG_CXX_LIBRARY = "libc++";
				CLANG_ENABLE_MODULES = YES;
				CLANG_ENABLE_OBJC_ARC = YES;
				CLANG_ENABLE_OBJC_WEAK = YES;
				CLANG_WARN_BLOCK_CAPTURE_AUTORELEASING = YES;
				CLANG_WARN_BOOL_CONVERSION = YES;
				CLANG_WARN_COMMA = YES;
				CLANG_WARN_CONSTANT_CONVERSION = YES;
				CLANG_WARN_DEPRECATED_OBJC_IMPLEMENTATIONS = YES;
				CLANG_WARN_DIRECT_OBJC_ISA_USAGE = YES_ERROR;
				CLANG_WARN_DOCUMENTATION_COMMENTS = YES;
				CLANG_WARN_EMPTY_BODY = YES;
				CLANG_WARN_ENUM_CONVERSION = YES;
				CLANG_WARN_INFINITE_RECURSION = YES;
				CLANG_WARN_INT_CONVERSION = YES;
				CLANG_WARN_NON_LITERAL_NULL_CONVERSION = YES;
				CLANG_WARN_OBJC_IMPLICIT_RETAIN_SELF = YES;
				CLANG_WARN_OBJC_LITERAL_CONVERSION = YES;
				CLANG_WARN_OBJC_ROOT_CLASS = YES_ERROR;
				CLANG_WARN_QUOTED_INCLUDE_IN_FRAMEWORK_HEADER = YES;
				CLANG_WARN_RANGE_LOOP_ANALYSIS = YES;
				CLANG_WARN_STRICT_PROTOTYPES = YES;
				CLANG_WARN_SUSPICIOUS_MOVE = YES;
				CLANG_WARN_UNGUARDED_AVAILABILITY = YES_AGGRESSIVE;
				CLANG_WARN_UNREACHABLE_CODE = YES;
				CLANG_WARN__DUPLICATE_METHOD_MATCH = YES;
				COPY_PHASE_STRIP = NO;
				DEBUG_INFORMATION_FORMAT = dwarf;
				ENABLE_STRICT_OBJC_MSGSEND = YES;
				ENABLE_TESTABILITY = YES;
				GCC_C_LANGUAGE_STANDARD = gnu11;
				GCC_DYNAMIC_NO_PIC = NO;
				GCC_NO_COMMON_BLOCKS = YES;
				GCC_OPTIMIZATION_LEVEL = 0;
				GCC_PREPROCESSOR_DEFINITIONS = (
					"DEBUG=1",
					"$(inherited)",
				);
				GCC_WARN_64_TO_32_BIT_CONVERSION = YES;
				GCC_WARN_ABOUT_RETURN_TYPE = YES_ERROR;
				GCC_WARN_UNDECLARED_SELECTOR = YES;
				GCC_WARN_UNINITIALIZED_AUTOS = YES_AGGRESSIVE;
				GCC_WARN_UNUSED_FUNCTION = YES;
				GCC_WARN_UNUSED_VARIABLE = YES;
				IPHONEOS_DEPLOYMENT_TARGET = 14.3;
				MTL_ENABLE_DEBUG_INFO = INCLUDE_SOURCE;
				MTL_FAST_MATH = YES;
				ONLY_ACTIVE_ARCH = YES;
				SDKROOT = iphoneos;
				SWIFT_ACTIVE_COMPILATION_CONDITIONS = DEBUG;
				SWIFT_OPTIMIZATION_LEVEL = "-Onone";
			};
			name = Debug;
		};
		0526B18E270C9BFE00D9CDDA /* Release */ = {
			isa = XCBuildConfiguration;
			buildSettings = {
				ALWAYS_SEARCH_USER_PATHS = NO;
				CLANG_ANALYZER_NONNULL = YES;
				CLANG_ANALYZER_NUMBER_OBJECT_CONVERSION = YES_AGGRESSIVE;
				CLANG_CXX_LANGUAGE_STANDARD = "gnu++14";
				CLANG_CXX_LIBRARY = "libc++";
				CLANG_ENABLE_MODULES = YES;
				CLANG_ENABLE_OBJC_ARC = YES;
				CLANG_ENABLE_OBJC_WEAK = YES;
				CLANG_WARN_BLOCK_CAPTURE_AUTORELEASING = YES;
				CLANG_WARN_BOOL_CONVERSION = YES;
				CLANG_WARN_COMMA = YES;
				CLANG_WARN_CONSTANT_CONVERSION = YES;
				CLANG_WARN_DEPRECATED_OBJC_IMPLEMENTATIONS = YES;
				CLANG_WARN_DIRECT_OBJC_ISA_USAGE = YES_ERROR;
				CLANG_WARN_DOCUMENTATION_COMMENTS = YES;
				CLANG_WARN_EMPTY_BODY = YES;
				CLANG_WARN_ENUM_CONVERSION = YES;
				CLANG_WARN_INFINITE_RECURSION = YES;
				CLANG_WARN_INT_CONVERSION = YES;
				CLANG_WARN_NON_LITERAL_NULL_CONVERSION = YES;
				CLANG_WARN_OBJC_IMPLICIT_RETAIN_SELF = YES;
				CLANG_WARN_OBJC_LITERAL_CONVERSION = YES;
				CLANG_WARN_OBJC_ROOT_CLASS = YES_ERROR;
				CLANG_WARN_QUOTED_INCLUDE_IN_FRAMEWORK_HEADER = YES;
				CLANG_WARN_RANGE_LOOP_ANALYSIS = YES;
				CLANG_WARN_STRICT_PROTOTYPES = YES;
				CLANG_WARN_SUSPICIOUS_MOVE = YES;
				CLANG_WARN_UNGUARDED_AVAILABILITY = YES_AGGRESSIVE;
				CLANG_WARN_UNREACHABLE_CODE = YES;
				CLANG_WARN__DUPLICATE_METHOD_MATCH = YES;
				COPY_PHASE_STRIP = NO;
				DEBUG_INFORMATION_FORMAT = "dwarf-with-dsym";
				ENABLE_NS_ASSERTIONS = NO;
				ENABLE_STRICT_OBJC_MSGSEND = YES;
				GCC_C_LANGUAGE_STANDARD = gnu11;
				GCC_NO_COMMON_BLOCKS = YES;
				GCC_WARN_64_TO_32_BIT_CONVERSION = YES;
				GCC_WARN_ABOUT_RETURN_TYPE = YES_ERROR;
				GCC_WARN_UNDECLARED_SELECTOR = YES;
				GCC_WARN_UNINITIALIZED_AUTOS = YES_AGGRESSIVE;
				GCC_WARN_UNUSED_FUNCTION = YES;
				GCC_WARN_UNUSED_VARIABLE = YES;
				IPHONEOS_DEPLOYMENT_TARGET = 14.3;
				MTL_ENABLE_DEBUG_INFO = NO;
				MTL_FAST_MATH = YES;
				SDKROOT = iphoneos;
				SWIFT_COMPILATION_MODE = wholemodule;
				SWIFT_OPTIMIZATION_LEVEL = "-O";
				VALIDATE_PRODUCT = YES;
			};
			name = Release;
		};
		0526B190270C9BFE00D9CDDA /* Debug */ = {
			isa = XCBuildConfiguration;
			buildSettings = {
				ASSETCATALOG_COMPILER_APPICON_NAME = AppIcon;
				ASSETCATALOG_COMPILER_GLOBAL_ACCENT_COLOR_NAME = AccentColor;
				CODE_SIGN_STYLE = Automatic;
				DEVELOPMENT_TEAM = 5HFZN2LR74;
				INFOPLIST_FILE = NearBy/Info.plist;
				LD_RUNPATH_SEARCH_PATHS = (
					"$(inherited)",
					"@executable_path/Frameworks",
				);
				PRODUCT_BUNDLE_IDENTIFIER = Khaled.NearBy;
				PRODUCT_NAME = "$(TARGET_NAME)";
				SWIFT_VERSION = 5.0;
				TARGETED_DEVICE_FAMILY = "1,2";
			};
			name = Debug;
		};
		0526B191270C9BFE00D9CDDA /* Release */ = {
			isa = XCBuildConfiguration;
			buildSettings = {
				ASSETCATALOG_COMPILER_APPICON_NAME = AppIcon;
				ASSETCATALOG_COMPILER_GLOBAL_ACCENT_COLOR_NAME = AccentColor;
				CODE_SIGN_STYLE = Automatic;
				DEVELOPMENT_TEAM = 5HFZN2LR74;
				INFOPLIST_FILE = NearBy/Info.plist;
				LD_RUNPATH_SEARCH_PATHS = (
					"$(inherited)",
					"@executable_path/Frameworks",
				);
				PRODUCT_BUNDLE_IDENTIFIER = Khaled.NearBy;
				PRODUCT_NAME = "$(TARGET_NAME)";
				SWIFT_VERSION = 5.0;
				TARGETED_DEVICE_FAMILY = "1,2";
			};
			name = Release;
		};
		0526B193270C9BFE00D9CDDA /* Debug */ = {
			isa = XCBuildConfiguration;
			buildSettings = {
				ALWAYS_EMBED_SWIFT_STANDARD_LIBRARIES = YES;
				BUNDLE_LOADER = "$(TEST_HOST)";
				CODE_SIGN_STYLE = Automatic;
				DEVELOPMENT_TEAM = 5HFZN2LR74;
				INFOPLIST_FILE = NearByTests/Info.plist;
				IPHONEOS_DEPLOYMENT_TARGET = 14.3;
				LD_RUNPATH_SEARCH_PATHS = (
					"$(inherited)",
					"@executable_path/Frameworks",
					"@loader_path/Frameworks",
				);
				PRODUCT_BUNDLE_IDENTIFIER = Khaled.NearByTests;
				PRODUCT_NAME = "$(TARGET_NAME)";
				SWIFT_VERSION = 5.0;
				TARGETED_DEVICE_FAMILY = "1,2";
				TEST_HOST = "$(BUILT_PRODUCTS_DIR)/NearBy.app/NearBy";
			};
			name = Debug;
		};
		0526B194270C9BFE00D9CDDA /* Release */ = {
			isa = XCBuildConfiguration;
			buildSettings = {
				ALWAYS_EMBED_SWIFT_STANDARD_LIBRARIES = YES;
				BUNDLE_LOADER = "$(TEST_HOST)";
				CODE_SIGN_STYLE = Automatic;
				DEVELOPMENT_TEAM = 5HFZN2LR74;
				INFOPLIST_FILE = NearByTests/Info.plist;
				IPHONEOS_DEPLOYMENT_TARGET = 14.3;
				LD_RUNPATH_SEARCH_PATHS = (
					"$(inherited)",
					"@executable_path/Frameworks",
					"@loader_path/Frameworks",
				);
				PRODUCT_BUNDLE_IDENTIFIER = Khaled.NearByTests;
				PRODUCT_NAME = "$(TARGET_NAME)";
				SWIFT_VERSION = 5.0;
				TARGETED_DEVICE_FAMILY = "1,2";
				TEST_HOST = "$(BUILT_PRODUCTS_DIR)/NearBy.app/NearBy";
			};
			name = Release;
		};
		0526B196270C9BFE00D9CDDA /* Debug */ = {
			isa = XCBuildConfiguration;
			buildSettings = {
				ALWAYS_EMBED_SWIFT_STANDARD_LIBRARIES = YES;
				CODE_SIGN_STYLE = Automatic;
				DEVELOPMENT_TEAM = 5HFZN2LR74;
				INFOPLIST_FILE = NearByUITests/Info.plist;
				LD_RUNPATH_SEARCH_PATHS = (
					"$(inherited)",
					"@executable_path/Frameworks",
					"@loader_path/Frameworks",
				);
				PRODUCT_BUNDLE_IDENTIFIER = Khaled.NearByUITests;
				PRODUCT_NAME = "$(TARGET_NAME)";
				SWIFT_VERSION = 5.0;
				TARGETED_DEVICE_FAMILY = "1,2";
				TEST_TARGET_NAME = NearBy;
			};
			name = Debug;
		};
		0526B197270C9BFE00D9CDDA /* Release */ = {
			isa = XCBuildConfiguration;
			buildSettings = {
				ALWAYS_EMBED_SWIFT_STANDARD_LIBRARIES = YES;
				CODE_SIGN_STYLE = Automatic;
				DEVELOPMENT_TEAM = 5HFZN2LR74;
				INFOPLIST_FILE = NearByUITests/Info.plist;
				LD_RUNPATH_SEARCH_PATHS = (
					"$(inherited)",
					"@executable_path/Frameworks",
					"@loader_path/Frameworks",
				);
				PRODUCT_BUNDLE_IDENTIFIER = Khaled.NearByUITests;
				PRODUCT_NAME = "$(TARGET_NAME)";
				SWIFT_VERSION = 5.0;
				TARGETED_DEVICE_FAMILY = "1,2";
				TEST_TARGET_NAME = NearBy;
			};
			name = Release;
		};
/* End XCBuildConfiguration section */

/* Begin XCConfigurationList section */
		0526B160270C9BED00D9CDDA /* Build configuration list for PBXProject "NearBy" */ = {
			isa = XCConfigurationList;
			buildConfigurations = (
				0526B18D270C9BFE00D9CDDA /* Debug */,
				0526B18E270C9BFE00D9CDDA /* Release */,
			);
			defaultConfigurationIsVisible = 0;
			defaultConfigurationName = Release;
		};
		0526B18F270C9BFE00D9CDDA /* Build configuration list for PBXNativeTarget "NearBy" */ = {
			isa = XCConfigurationList;
			buildConfigurations = (
				0526B190270C9BFE00D9CDDA /* Debug */,
				0526B191270C9BFE00D9CDDA /* Release */,
			);
			defaultConfigurationIsVisible = 0;
			defaultConfigurationName = Release;
		};
		0526B192270C9BFE00D9CDDA /* Build configuration list for PBXNativeTarget "NearByTests" */ = {
			isa = XCConfigurationList;
			buildConfigurations = (
				0526B193270C9BFE00D9CDDA /* Debug */,
				0526B194270C9BFE00D9CDDA /* Release */,
			);
			defaultConfigurationIsVisible = 0;
			defaultConfigurationName = Release;
		};
		0526B195270C9BFE00D9CDDA /* Build configuration list for PBXNativeTarget "NearByUITests" */ = {
			isa = XCConfigurationList;
			buildConfigurations = (
				0526B196270C9BFE00D9CDDA /* Debug */,
				0526B197270C9BFE00D9CDDA /* Release */,
			);
			defaultConfigurationIsVisible = 0;
			defaultConfigurationName = Release;
		};
/* End XCConfigurationList section */
	};
	rootObject = 0526B15D270C9BED00D9CDDA /* Project object */;
}
